version = 1
revision = 2
requires-python = ">=3.11.0, <3.12.0"

[[package]]
name = "assetfetch-blender"
version = "0.1.0"
source = { virtual = "." }
dependencies = [
    { name = "fake-bpy-module" },
    { name = "jsonschema" },
    { name = "requests" },
]

[package.dev-dependencies]
dev = [
    { name = "mypy" },
    { name = "ruff" },
    { name = "types-jsonschema" },
    { name = "types-requests" },
]

[package.metadata]
requires-dist = [
    { name = "fake-bpy-module", specifier = ">=20250829" },
    { name = "jsonschema", specifier = "==4.17.3" },
    { name = "requests", specifier = ">=2.32.5" },
]

[package.metadata.requires-dev]
dev = [
    { name = "mypy", specifier = ">=1.18.1" },
    { name = "ruff", specifier = ">=0.12.11" },
    { name = "types-jsonschema", specifier = ">=4.25.1.20250822" },
    { name = "types-requests", specifier = ">=2.32.4.20250913" },
]

[[package]]
name = "attrs"
version = "25.3.0"
source = { registry = "https://pypi.org/simple" }
sdist = { url = "https://files.pythonhosted.org/packages/5a/b0/1367933a8532ee6ff8d63537de4f1177af4bff9f3e829baf7331f595bb24/attrs-25.3.0.tar.gz", hash = "sha256:75d7cefc7fb576747b2c81b4442d4d4a1ce0900973527c011d1030fd3bf4af1b", size = 812032, upload-time = "2025-03-13T11:10:22.779Z" }
wheels = [
    { url = "https://files.pythonhosted.org/packages/77/06/bb80f5f86020c4551da315d78b3ab75e8228f89f0162f2c3a819e407941a/attrs-25.3.0-py3-none-any.whl", hash = "sha256:427318ce031701fea540783410126f03899a97ffc6f61596ad581ac2e40e3bc3", size = 63815, upload-time = "2025-03-13T11:10:21.14Z" },
]

[[package]]
name = "certifi"
version = "2025.8.3"
source = { registry = "https://pypi.org/simple" }
sdist = { url = "https://files.pythonhosted.org/packages/dc/67/960ebe6bf230a96cda2e0abcf73af550ec4f090005363542f0765df162e0/certifi-2025.8.3.tar.gz", hash = "sha256:e564105f78ded564e3ae7c923924435e1daa7463faeab5bb932bc53ffae63407", size = 162386, upload-time = "2025-08-03T03:07:47.08Z" }
wheels = [
    { url = "https://files.pythonhosted.org/packages/e5/48/1549795ba7742c948d2ad169c1c8cdbae65bc450d6cd753d124b17c8cd32/certifi-2025.8.3-py3-none-any.whl", hash = "sha256:f6c12493cfb1b06ba2ff328595af9350c65d6644968e5d3a2ffd78699af217a5", size = 161216, upload-time = "2025-08-03T03:07:45.777Z" },
]

[[package]]
name = "charset-normalizer"
version = "3.4.3"
source = { registry = "https://pypi.org/simple" }
sdist = { url = "https://files.pythonhosted.org/packages/83/2d/5fd176ceb9b2fc619e63405525573493ca23441330fcdaee6bef9460e924/charset_normalizer-3.4.3.tar.gz", hash = "sha256:6fce4b8500244f6fcb71465d4a4930d132ba9ab8e71a7859e6a5d59851068d14", size = 122371, upload-time = "2025-08-09T07:57:28.46Z" }
wheels = [
    { url = "https://files.pythonhosted.org/packages/7f/b5/991245018615474a60965a7c9cd2b4efbaabd16d582a5547c47ee1c7730b/charset_normalizer-3.4.3-cp311-cp311-macosx_10_9_universal2.whl", hash = "sha256:b256ee2e749283ef3ddcff51a675ff43798d92d746d1a6e4631bf8c707d22d0b", size = 204483, upload-time = "2025-08-09T07:55:53.12Z" },
    { url = "https://files.pythonhosted.org/packages/c7/2a/ae245c41c06299ec18262825c1569c5d3298fc920e4ddf56ab011b417efd/charset_normalizer-3.4.3-cp311-cp311-manylinux2014_aarch64.manylinux_2_17_aarch64.manylinux_2_28_aarch64.whl", hash = "sha256:13faeacfe61784e2559e690fc53fa4c5ae97c6fcedb8eb6fb8d0a15b475d2c64", size = 145520, upload-time = "2025-08-09T07:55:54.712Z" },
    { url = "https://files.pythonhosted.org/packages/3a/a4/b3b6c76e7a635748c4421d2b92c7b8f90a432f98bda5082049af37ffc8e3/charset_normalizer-3.4.3-cp311-cp311-manylinux2014_ppc64le.manylinux_2_17_ppc64le.manylinux_2_28_ppc64le.whl", hash = "sha256:00237675befef519d9af72169d8604a067d92755e84fe76492fef5441db05b91", size = 158876, upload-time = "2025-08-09T07:55:56.024Z" },
    { url = "https://files.pythonhosted.org/packages/e2/e6/63bb0e10f90a8243c5def74b5b105b3bbbfb3e7bb753915fe333fb0c11ea/charset_normalizer-3.4.3-cp311-cp311-manylinux2014_s390x.manylinux_2_17_s390x.manylinux_2_28_s390x.whl", hash = "sha256:585f3b2a80fbd26b048a0be90c5aae8f06605d3c92615911c3a2b03a8a3b796f", size = 156083, upload-time = "2025-08-09T07:55:57.582Z" },
    { url = "https://files.pythonhosted.org/packages/87/df/b7737ff046c974b183ea9aa111b74185ac8c3a326c6262d413bd5a1b8c69/charset_normalizer-3.4.3-cp311-cp311-manylinux2014_x86_64.manylinux_2_17_x86_64.manylinux_2_28_x86_64.whl", hash = "sha256:0e78314bdc32fa80696f72fa16dc61168fda4d6a0c014e0380f9d02f0e5d8a07", size = 150295, upload-time = "2025-08-09T07:55:59.147Z" },
    { url = "https://files.pythonhosted.org/packages/61/f1/190d9977e0084d3f1dc169acd060d479bbbc71b90bf3e7bf7b9927dec3eb/charset_normalizer-3.4.3-cp311-cp311-musllinux_1_2_aarch64.whl", hash = "sha256:96b2b3d1a83ad55310de8c7b4a2d04d9277d5591f40761274856635acc5fcb30", size = 148379, upload-time = "2025-08-09T07:56:00.364Z" },
    { url = "https://files.pythonhosted.org/packages/4c/92/27dbe365d34c68cfe0ca76f1edd70e8705d82b378cb54ebbaeabc2e3029d/charset_normalizer-3.4.3-cp311-cp311-musllinux_1_2_ppc64le.whl", hash = "sha256:939578d9d8fd4299220161fdd76e86c6a251987476f5243e8864a7844476ba14", size = 160018, upload-time = "2025-08-09T07:56:01.678Z" },
    { url = "https://files.pythonhosted.org/packages/99/04/baae2a1ea1893a01635d475b9261c889a18fd48393634b6270827869fa34/charset_normalizer-3.4.3-cp311-cp311-musllinux_1_2_s390x.whl", hash = "sha256:fd10de089bcdcd1be95a2f73dbe6254798ec1bda9f450d5828c96f93e2536b9c", size = 157430, upload-time = "2025-08-09T07:56:02.87Z" },
    { url = "https://files.pythonhosted.org/packages/2f/36/77da9c6a328c54d17b960c89eccacfab8271fdaaa228305330915b88afa9/charset_normalizer-3.4.3-cp311-cp311-musllinux_1_2_x86_64.whl", hash = "sha256:1e8ac75d72fa3775e0b7cb7e4629cec13b7514d928d15ef8ea06bca03ef01cae", size = 151600, upload-time = "2025-08-09T07:56:04.089Z" },
    { url = "https://files.pythonhosted.org/packages/64/d4/9eb4ff2c167edbbf08cdd28e19078bf195762e9bd63371689cab5ecd3d0d/charset_normalizer-3.4.3-cp311-cp311-win32.whl", hash = "sha256:6cf8fd4c04756b6b60146d98cd8a77d0cdae0e1ca20329da2ac85eed779b6849", size = 99616, upload-time = "2025-08-09T07:56:05.658Z" },
    { url = "https://files.pythonhosted.org/packages/f4/9c/996a4a028222e7761a96634d1820de8a744ff4327a00ada9c8942033089b/charset_normalizer-3.4.3-cp311-cp311-win_amd64.whl", hash = "sha256:31a9a6f775f9bcd865d88ee350f0ffb0e25936a7f930ca98995c05abf1faf21c", size = 107108, upload-time = "2025-08-09T07:56:07.176Z" },
    { url = "https://files.pythonhosted.org/packages/8a/1f/f041989e93b001bc4e44bb1669ccdcf54d3f00e628229a85b08d330615c5/charset_normalizer-3.4.3-py3-none-any.whl", hash = "sha256:ce571ab16d890d23b5c278547ba694193a45011ff86a9162a71307ed9f86759a", size = 53175, upload-time = "2025-08-09T07:57:26.864Z" },
]

[[package]]
name = "fake-bpy-module"
version = "20250829"
source = { registry = "https://pypi.org/simple" }
sdist = { url = "https://files.pythonhosted.org/packages/41/37/d3a1b51da78732e4ccd23adf2b30b412a74cbcef8dea57abb485396f6228/fake_bpy_module-20250829.tar.gz", hash = "sha256:85d2e4c4ccfb1a723222a39de114532462f7cd0d938ad4e121c09ae7fd5403d7", size = 961334, upload-time = "2025-08-29T06:20:21.465Z" }
wheels = [
    { url = "https://files.pythonhosted.org/packages/01/c3/44bf2c9aa58e6c47010d70f07e1693ae9c89fe8a86bccd961ce5ad392599/fake_bpy_module-20250829-py3-none-any.whl", hash = "sha256:5da9ea678061029ee6233709dce89537d3e80e345cfdb39f772a0ff943cd7ad3", size = 1089419, upload-time = "2025-08-29T06:20:19.679Z" },
]

[[package]]
name = "idna"
version = "3.10"
source = { registry = "https://pypi.org/simple" }
sdist = { url = "https://files.pythonhosted.org/packages/f1/70/7703c29685631f5a7590aa73f1f1d3fa9a380e654b86af429e0934a32f7d/idna-3.10.tar.gz", hash = "sha256:12f65c9b470abda6dc35cf8e63cc574b1c52b11df2c86030af0ac09b01b13ea9", size = 190490, upload-time = "2024-09-15T18:07:39.745Z" }
wheels = [
    { url = "https://files.pythonhosted.org/packages/76/c6/c88e154df9c4e1a2a66ccf0005a88dfb2650c1dffb6f5ce603dfbd452ce3/idna-3.10-py3-none-any.whl", hash = "sha256:946d195a0d259cbba61165e88e65941f16e9b36ea6ddb97f00452bae8b1287d3", size = 70442, upload-time = "2024-09-15T18:07:37.964Z" },
]

[[package]]
name = "jsonschema"
version = "4.17.3"
source = { registry = "https://pypi.org/simple" }
dependencies = [
    { name = "attrs" },
    { name = "pyrsistent" },
]
sdist = { url = "https://files.pythonhosted.org/packages/36/3d/ca032d5ac064dff543aa13c984737795ac81abc9fb130cd2fcff17cfabc7/jsonschema-4.17.3.tar.gz", hash = "sha256:0f864437ab8b6076ba6707453ef8f98a6a0d512a80e93f8abdb676f737ecb60d", size = 297785, upload-time = "2022-11-29T20:37:47.453Z" }
wheels = [
    { url = "https://files.pythonhosted.org/packages/c1/97/c698bd9350f307daad79dd740806e1a59becd693bd11443a0f531e3229b3/jsonschema-4.17.3-py3-none-any.whl", hash = "sha256:a870ad254da1a8ca84b6a2905cac29d265f805acc57af304784962a2aa6508f6", size = 90379, upload-time = "2022-11-29T20:37:45.842Z" },
]

[[package]]
name = "mypy"
version = "1.18.1"
source = { registry = "https://pypi.org/simple" }
dependencies = [
    { name = "mypy-extensions" },
    { name = "pathspec" },
    { name = "typing-extensions" },
]
sdist = { url = "https://files.pythonhosted.org/packages/14/a3/931e09fc02d7ba96da65266884da4e4a8806adcdb8a57faaacc6edf1d538/mypy-1.18.1.tar.gz", hash = "sha256:9e988c64ad3ac5987f43f5154f884747faf62141b7f842e87465b45299eea5a9", size = 3448447, upload-time = "2025-09-11T23:00:47.067Z" }
wheels = [
    { url = "https://files.pythonhosted.org/packages/32/28/47709d5d9e7068b26c0d5189c8137c8783e81065ad1102b505214a08b548/mypy-1.18.1-cp311-cp311-macosx_10_9_x86_64.whl", hash = "sha256:6c903857b3e28fc5489e54042684a9509039ea0aedb2a619469438b544ae1961", size = 12734635, upload-time = "2025-09-11T23:00:24.983Z" },
    { url = "https://files.pythonhosted.org/packages/7c/12/ee5c243e52497d0e59316854041cf3b3130131b92266d0764aca4dec3c00/mypy-1.18.1-cp311-cp311-macosx_11_0_arm64.whl", hash = "sha256:2a0c8392c19934c2b6c65566d3a6abdc6b51d5da7f5d04e43f0eb627d6eeee65", size = 11817287, upload-time = "2025-09-11T22:59:07.38Z" },
    { url = "https://files.pythonhosted.org/packages/48/bd/2aeb950151005fe708ab59725afed7c4aeeb96daf844f86a05d4b8ac34f8/mypy-1.18.1-cp311-cp311-manylinux2014_aarch64.manylinux_2_17_aarch64.manylinux_2_28_aarch64.whl", hash = "sha256:f85eb7efa2ec73ef63fc23b8af89c2fe5bf2a4ad985ed2d3ff28c1bb3c317c92", size = 12430464, upload-time = "2025-09-11T22:58:48.084Z" },
    { url = "https://files.pythonhosted.org/packages/71/e8/7a20407aafb488acb5734ad7fb5e8c2ef78d292ca2674335350fa8ebef67/mypy-1.18.1-cp311-cp311-manylinux2014_x86_64.manylinux_2_17_x86_64.manylinux_2_28_x86_64.whl", hash = "sha256:82ace21edf7ba8af31c3308a61dc72df30500f4dbb26f99ac36b4b80809d7e94", size = 13164555, upload-time = "2025-09-11T23:00:13.803Z" },
    { url = "https://files.pythonhosted.org/packages/e8/c9/5f39065252e033b60f397096f538fb57c1d9fd70a7a490f314df20dd9d64/mypy-1.18.1-cp311-cp311-musllinux_1_2_x86_64.whl", hash = "sha256:a2dfd53dfe632f1ef5d161150a4b1f2d0786746ae02950eb3ac108964ee2975a", size = 13359222, upload-time = "2025-09-11T23:00:33.469Z" },
    { url = "https://files.pythonhosted.org/packages/85/b6/d54111ef3c1e55992cd2ec9b8b6ce9c72a407423e93132cae209f7e7ba60/mypy-1.18.1-cp311-cp311-win_amd64.whl", hash = "sha256:320f0ad4205eefcb0e1a72428dde0ad10be73da9f92e793c36228e8ebf7298c0", size = 9760441, upload-time = "2025-09-11T23:00:44.826Z" },
    { url = "https://files.pythonhosted.org/packages/e0/1d/4b97d3089b48ef3d904c9ca69fab044475bd03245d878f5f0b3ea1daf7ce/mypy-1.18.1-py3-none-any.whl", hash = "sha256:b76a4de66a0ac01da1be14ecc8ae88ddea33b8380284a9e3eae39d57ebcbe26e", size = 2352212, upload-time = "2025-09-11T22:59:26.576Z" },
]

[[package]]
name = "mypy-extensions"
version = "1.1.0"
source = { registry = "https://pypi.org/simple" }
sdist = { url = "https://files.pythonhosted.org/packages/a2/6e/371856a3fb9d31ca8dac321cda606860fa4548858c0cc45d9d1d4ca2628b/mypy_extensions-1.1.0.tar.gz", hash = "sha256:52e68efc3284861e772bbcd66823fde5ae21fd2fdb51c62a211403730b916558", size = 6343, upload-time = "2025-04-22T14:54:24.164Z" }
wheels = [
    { url = "https://files.pythonhosted.org/packages/79/7b/2c79738432f5c924bef5071f933bcc9efd0473bac3b4aa584a6f7c1c8df8/mypy_extensions-1.1.0-py3-none-any.whl", hash = "sha256:1be4cccdb0f2482337c4743e60421de3a356cd97508abadd57d47403e94f5505", size = 4963, upload-time = "2025-04-22T14:54:22.983Z" },
]

[[package]]
name = "pathspec"
version = "0.12.1"
source = { registry = "https://pypi.org/simple" }
sdist = { url = "https://files.pythonhosted.org/packages/ca/bc/f35b8446f4531a7cb215605d100cd88b7ac6f44ab3fc94870c120ab3adbf/pathspec-0.12.1.tar.gz", hash = "sha256:a482d51503a1ab33b1c67a6c3813a26953dbdc71c31dacaef9a838c4e29f5712", size = 51043, upload-time = "2023-12-10T22:30:45Z" }
wheels = [
    { url = "https://files.pythonhosted.org/packages/cc/20/ff623b09d963f88bfde16306a54e12ee5ea43e9b597108672ff3a408aad6/pathspec-0.12.1-py3-none-any.whl", hash = "sha256:a0d503e138a4c123b27490a4f7beda6a01c6f288df0e4a8b79c7eb0dc7b4cc08", size = 31191, upload-time = "2023-12-10T22:30:43.14Z" },
]

[[package]]
name = "pyrsistent"
version = "0.20.0"
source = { registry = "https://pypi.org/simple" }
sdist = { url = "https://files.pythonhosted.org/packages/ce/3a/5031723c09068e9c8c2f0bc25c3a9245f2b1d1aea8396c787a408f2b95ca/pyrsistent-0.20.0.tar.gz", hash = "sha256:4c48f78f62ab596c679086084d0dd13254ae4f3d6c72a83ffdf5ebdef8f265a4", size = 103642, upload-time = "2023-10-25T21:06:56.342Z" }
wheels = [
    { url = "https://files.pythonhosted.org/packages/df/63/7544dc7d0953294882a5c587fb1b10a26e0c23d9b92281a14c2514bac1f7/pyrsistent-0.20.0-cp311-cp311-macosx_10_9_universal2.whl", hash = "sha256:0f3b1bcaa1f0629c978b355a7c37acd58907390149b7311b5db1b37648eb6958", size = 83481, upload-time = "2023-10-25T21:06:15.238Z" },
    { url = "https://files.pythonhosted.org/packages/ae/a0/49249bc14d71b1bf2ffe89703acfa86f2017c25cfdabcaea532b8c8a5810/pyrsistent-0.20.0-cp311-cp311-manylinux_2_17_aarch64.manylinux2014_aarch64.whl", hash = "sha256:5cdd7ef1ea7a491ae70d826b6cc64868de09a1d5ff9ef8d574250d0940e275b8", size = 120222, upload-time = "2023-10-25T21:06:17.144Z" },
    { url = "https://files.pythonhosted.org/packages/a1/94/9808e8c9271424120289b9028a657da336ad7e43da0647f62e4f6011d19b/pyrsistent-0.20.0-cp311-cp311-manylinux_2_17_x86_64.manylinux2014_x86_64.whl", hash = "sha256:cae40a9e3ce178415040a0383f00e8d68b569e97f31928a3a8ad37e3fde6df6a", size = 120002, upload-time = "2023-10-25T21:06:18.727Z" },
    { url = "https://files.pythonhosted.org/packages/3f/f6/9ecfb78b2fc8e2540546db0fe19df1fae0f56664a5958c21ff8861b0f8da/pyrsistent-0.20.0-cp311-cp311-manylinux_2_5_i686.manylinux1_i686.manylinux_2_17_i686.manylinux2014_i686.whl", hash = "sha256:6288b3fa6622ad8a91e6eb759cfc48ff3089e7c17fb1d4c59a919769314af224", size = 116850, upload-time = "2023-10-25T21:06:20.424Z" },
    { url = "https://files.pythonhosted.org/packages/83/c8/e6d28bc27a0719f8eaae660357df9757d6e9ca9be2691595721de9e8adfc/pyrsistent-0.20.0-cp311-cp311-win32.whl", hash = "sha256:7d29c23bdf6e5438c755b941cef867ec2a4a172ceb9f50553b6ed70d50dfd656", size = 60775, upload-time = "2023-10-25T21:06:21.815Z" },
    { url = "https://files.pythonhosted.org/packages/98/87/c6ef52ff30388f357922d08de012abdd3dc61e09311d88967bdae23ab657/pyrsistent-0.20.0-cp311-cp311-win_amd64.whl", hash = "sha256:59a89bccd615551391f3237e00006a26bcf98a4d18623a19909a2c48b8e986ee", size = 63306, upload-time = "2023-10-25T21:06:22.874Z" },
    { url = "https://files.pythonhosted.org/packages/23/88/0acd180010aaed4987c85700b7cc17f9505f3edb4e5873e4dc67f613e338/pyrsistent-0.20.0-py3-none-any.whl", hash = "sha256:c55acc4733aad6560a7f5f818466631f07efc001fd023f34a6c203f8b6df0f0b", size = 58106, upload-time = "2023-10-25T21:06:54.387Z" },
]

[[package]]
name = "referencing"
version = "0.36.2"
source = { registry = "https://pypi.org/simple" }
dependencies = [
    { name = "attrs" },
    { name = "rpds-py" },
    { name = "typing-extensions" },
]
sdist = { url = "https://files.pythonhosted.org/packages/2f/db/98b5c277be99dd18bfd91dd04e1b759cad18d1a338188c936e92f921c7e2/referencing-0.36.2.tar.gz", hash = "sha256:df2e89862cd09deabbdba16944cc3f10feb6b3e6f18e902f7cc25609a34775aa", size = 74744, upload-time = "2025-01-25T08:48:16.138Z" }
wheels = [
    { url = "https://files.pythonhosted.org/packages/c1/b1/3baf80dc6d2b7bc27a95a67752d0208e410351e3feb4eb78de5f77454d8d/referencing-0.36.2-py3-none-any.whl", hash = "sha256:e8699adbbf8b5c7de96d8ffa0eb5c158b3beafce084968e2ea8bb08c6794dcd0", size = 26775, upload-time = "2025-01-25T08:48:14.241Z" },
]

[[package]]
name = "requests"
version = "2.32.5"
source = { registry = "https://pypi.org/simple" }
dependencies = [
    { name = "certifi" },
    { name = "charset-normalizer" },
    { name = "idna" },
    { name = "urllib3" },
]
sdist = { url = "https://files.pythonhosted.org/packages/c9/74/b3ff8e6c8446842c3f5c837e9c3dfcfe2018ea6ecef224c710c85ef728f4/requests-2.32.5.tar.gz", hash = "sha256:dbba0bac56e100853db0ea71b82b4dfd5fe2bf6d3754a8893c3af500cec7d7cf", size = 134517, upload-time = "2025-08-18T20:46:02.573Z" }
wheels = [
    { url = "https://files.pythonhosted.org/packages/1e/db/4254e3eabe8020b458f1a747140d32277ec7a271daf1d235b70dc0b4e6e3/requests-2.32.5-py3-none-any.whl", hash = "sha256:2462f94637a34fd532264295e186976db0f5d453d1cdd31473c85a6a161affb6", size = 64738, upload-time = "2025-08-18T20:46:00.542Z" },
]

[[package]]
name = "rpds-py"
version = "0.27.1"
source = { registry = "https://pypi.org/simple" }
sdist = { url = "https://files.pythonhosted.org/packages/e9/dd/2c0cbe774744272b0ae725f44032c77bdcab6e8bcf544bffa3b6e70c8dba/rpds_py-0.27.1.tar.gz", hash = "sha256:26a1c73171d10b7acccbded82bf6a586ab8203601e565badc74bbbf8bc5a10f8", size = 27479, upload-time = "2025-08-27T12:16:36.024Z" }
wheels = [
    { url = "https://files.pythonhosted.org/packages/b5/c1/7907329fbef97cbd49db6f7303893bd1dd5a4a3eae415839ffdfb0762cae/rpds_py-0.27.1-cp311-cp311-macosx_10_12_x86_64.whl", hash = "sha256:be898f271f851f68b318872ce6ebebbc62f303b654e43bf72683dbdc25b7c881", size = 371063, upload-time = "2025-08-27T12:12:47.856Z" },
    { url = "https://files.pythonhosted.org/packages/11/94/2aab4bc86228bcf7c48760990273653a4900de89c7537ffe1b0d6097ed39/rpds_py-0.27.1-cp311-cp311-macosx_11_0_arm64.whl", hash = "sha256:62ac3d4e3e07b58ee0ddecd71d6ce3b1637de2d373501412df395a0ec5f9beb5", size = 353210, upload-time = "2025-08-27T12:12:49.187Z" },
    { url = "https://files.pythonhosted.org/packages/3a/57/f5eb3ecf434342f4f1a46009530e93fd201a0b5b83379034ebdb1d7c1a58/rpds_py-0.27.1-cp311-cp311-manylinux_2_17_aarch64.manylinux2014_aarch64.whl", hash = "sha256:4708c5c0ceb2d034f9991623631d3d23cb16e65c83736ea020cdbe28d57c0a0e", size = 381636, upload-time = "2025-08-27T12:12:50.492Z" },
    { url = "https://files.pythonhosted.org/packages/ae/f4/ef95c5945e2ceb5119571b184dd5a1cc4b8541bbdf67461998cfeac9cb1e/rpds_py-0.27.1-cp311-cp311-manylinux_2_17_armv7l.manylinux2014_armv7l.whl", hash = "sha256:abfa1171a9952d2e0002aba2ad3780820b00cc3d9c98c6630f2e93271501f66c", size = 394341, upload-time = "2025-08-27T12:12:52.024Z" },
    { url = "https://files.pythonhosted.org/packages/5a/7e/4bd610754bf492d398b61725eb9598ddd5eb86b07d7d9483dbcd810e20bc/rpds_py-0.27.1-cp311-cp311-manylinux_2_17_ppc64le.manylinux2014_ppc64le.whl", hash = "sha256:4b507d19f817ebaca79574b16eb2ae412e5c0835542c93fe9983f1e432aca195", size = 523428, upload-time = "2025-08-27T12:12:53.779Z" },
    { url = "https://files.pythonhosted.org/packages/9f/e5/059b9f65a8c9149361a8b75094864ab83b94718344db511fd6117936ed2a/rpds_py-0.27.1-cp311-cp311-manylinux_2_17_s390x.manylinux2014_s390x.whl", hash = "sha256:168b025f8fd8d8d10957405f3fdcef3dc20f5982d398f90851f4abc58c566c52", size = 402923, upload-time = "2025-08-27T12:12:55.15Z" },
    { url = "https://files.pythonhosted.org/packages/f5/48/64cabb7daced2968dd08e8a1b7988bf358d7bd5bcd5dc89a652f4668543c/rpds_py-0.27.1-cp311-cp311-manylinux_2_17_x86_64.manylinux2014_x86_64.whl", hash = "sha256:cb56c6210ef77caa58e16e8c17d35c63fe3f5b60fd9ba9d424470c3400bcf9ed", size = 384094, upload-time = "2025-08-27T12:12:57.194Z" },
    { url = "https://files.pythonhosted.org/packages/ae/e1/dc9094d6ff566bff87add8a510c89b9e158ad2ecd97ee26e677da29a9e1b/rpds_py-0.27.1-cp311-cp311-manylinux_2_31_riscv64.whl", hash = "sha256:d252f2d8ca0195faa707f8eb9368955760880b2b42a8ee16d382bf5dd807f89a", size = 401093, upload-time = "2025-08-27T12:12:58.985Z" },
    { url = "https://files.pythonhosted.org/packages/37/8e/ac8577e3ecdd5593e283d46907d7011618994e1d7ab992711ae0f78b9937/rpds_py-0.27.1-cp311-cp311-manylinux_2_5_i686.manylinux1_i686.whl", hash = "sha256:6e5e54da1e74b91dbc7996b56640f79b195d5925c2b78efaa8c5d53e1d88edde", size = 417969, upload-time = "2025-08-27T12:13:00.367Z" },
    { url = "https://files.pythonhosted.org/packages/66/6d/87507430a8f74a93556fe55c6485ba9c259949a853ce407b1e23fea5ba31/rpds_py-0.27.1-cp311-cp311-musllinux_1_2_aarch64.whl", hash = "sha256:ffce0481cc6e95e5b3f0a47ee17ffbd234399e6d532f394c8dce320c3b089c21", size = 558302, upload-time = "2025-08-27T12:13:01.737Z" },
    { url = "https://files.pythonhosted.org/packages/3a/bb/1db4781ce1dda3eecc735e3152659a27b90a02ca62bfeea17aee45cc0fbc/rpds_py-0.27.1-cp311-cp311-musllinux_1_2_i686.whl", hash = "sha256:a205fdfe55c90c2cd8e540ca9ceba65cbe6629b443bc05db1f590a3db8189ff9", size = 589259, upload-time = "2025-08-27T12:13:03.127Z" },
    { url = "https://files.pythonhosted.org/packages/7b/0e/ae1c8943d11a814d01b482e1f8da903f88047a962dff9bbdadf3bd6e6fd1/rpds_py-0.27.1-cp311-cp311-musllinux_1_2_x86_64.whl", hash = "sha256:689fb5200a749db0415b092972e8eba85847c23885c8543a8b0f5c009b1a5948", size = 554983, upload-time = "2025-08-27T12:13:04.516Z" },
    { url = "https://files.pythonhosted.org/packages/b2/d5/0b2a55415931db4f112bdab072443ff76131b5ac4f4dc98d10d2d357eb03/rpds_py-0.27.1-cp311-cp311-win32.whl", hash = "sha256:3182af66048c00a075010bc7f4860f33913528a4b6fc09094a6e7598e462fe39", size = 217154, upload-time = "2025-08-27T12:13:06.278Z" },
    { url = "https://files.pythonhosted.org/packages/24/75/3b7ffe0d50dc86a6a964af0d1cc3a4a2cdf437cb7b099a4747bbb96d1819/rpds_py-0.27.1-cp311-cp311-win_amd64.whl", hash = "sha256:b4938466c6b257b2f5c4ff98acd8128ec36b5059e5c8f8372d79316b1c36bb15", size = 228627, upload-time = "2025-08-27T12:13:07.625Z" },
    { url = "https://files.pythonhosted.org/packages/8d/3f/4fd04c32abc02c710f09a72a30c9a55ea3cc154ef8099078fd50a0596f8e/rpds_py-0.27.1-cp311-cp311-win_arm64.whl", hash = "sha256:2f57af9b4d0793e53266ee4325535a31ba48e2f875da81a9177c9926dfa60746", size = 220998, upload-time = "2025-08-27T12:13:08.972Z" },
    { url = "https://files.pythonhosted.org/packages/0c/ed/e1fba02de17f4f76318b834425257c8ea297e415e12c68b4361f63e8ae92/rpds_py-0.27.1-pp311-pypy311_pp73-macosx_10_12_x86_64.whl", hash = "sha256:cdfe4bb2f9fe7458b7453ad3c33e726d6d1c7c0a72960bcc23800d77384e42df", size = 371402, upload-time = "2025-08-27T12:15:51.561Z" },
    { url = "https://files.pythonhosted.org/packages/af/7c/e16b959b316048b55585a697e94add55a4ae0d984434d279ea83442e460d/rpds_py-0.27.1-pp311-pypy311_pp73-macosx_11_0_arm64.whl", hash = "sha256:8fabb8fd848a5f75a2324e4a84501ee3a5e3c78d8603f83475441866e60b94a3", size = 354084, upload-time = "2025-08-27T12:15:53.219Z" },
    { url = "https://files.pythonhosted.org/packages/de/c1/ade645f55de76799fdd08682d51ae6724cb46f318573f18be49b1e040428/rpds_py-0.27.1-pp311-pypy311_pp73-manylinux_2_17_aarch64.manylinux2014_aarch64.whl", hash = "sha256:eda8719d598f2f7f3e0f885cba8646644b55a187762bec091fa14a2b819746a9", size = 383090, upload-time = "2025-08-27T12:15:55.158Z" },
    { url = "https://files.pythonhosted.org/packages/1f/27/89070ca9b856e52960da1472efcb6c20ba27cfe902f4f23ed095b9cfc61d/rpds_py-0.27.1-pp311-pypy311_pp73-manylinux_2_17_armv7l.manylinux2014_armv7l.whl", hash = "sha256:3c64d07e95606ec402a0a1c511fe003873fa6af630bda59bac77fac8b4318ebc", size = 394519, upload-time = "2025-08-27T12:15:57.238Z" },
    { url = "https://files.pythonhosted.org/packages/b3/28/be120586874ef906aa5aeeae95ae8df4184bc757e5b6bd1c729ccff45ed5/rpds_py-0.27.1-pp311-pypy311_pp73-manylinux_2_17_ppc64le.manylinux2014_ppc64le.whl", hash = "sha256:93a2ed40de81bcff59aabebb626562d48332f3d028ca2036f1d23cbb52750be4", size = 523817, upload-time = "2025-08-27T12:15:59.237Z" },
    { url = "https://files.pythonhosted.org/packages/a8/ef/70cc197bc11cfcde02a86f36ac1eed15c56667c2ebddbdb76a47e90306da/rpds_py-0.27.1-pp311-pypy311_pp73-manylinux_2_17_s390x.manylinux2014_s390x.whl", hash = "sha256:387ce8c44ae94e0ec50532d9cb0edce17311024c9794eb196b90e1058aadeb66", size = 403240, upload-time = "2025-08-27T12:16:00.923Z" },
    { url = "https://files.pythonhosted.org/packages/cf/35/46936cca449f7f518f2f4996e0e8344db4b57e2081e752441154089d2a5f/rpds_py-0.27.1-pp311-pypy311_pp73-manylinux_2_17_x86_64.manylinux2014_x86_64.whl", hash = "sha256:aaf94f812c95b5e60ebaf8bfb1898a7d7cb9c1af5744d4a67fa47796e0465d4e", size = 385194, upload-time = "2025-08-27T12:16:02.802Z" },
    { url = "https://files.pythonhosted.org/packages/e1/62/29c0d3e5125c3270b51415af7cbff1ec587379c84f55a5761cc9efa8cd06/rpds_py-0.27.1-pp311-pypy311_pp73-manylinux_2_31_riscv64.whl", hash = "sha256:4848ca84d6ded9b58e474dfdbad4b8bfb450344c0551ddc8d958bf4b36aa837c", size = 402086, upload-time = "2025-08-27T12:16:04.806Z" },
    { url = "https://files.pythonhosted.org/packages/8f/66/03e1087679227785474466fdd04157fb793b3b76e3fcf01cbf4c693c1949/rpds_py-0.27.1-pp311-pypy311_pp73-manylinux_2_5_i686.manylinux1_i686.whl", hash = "sha256:2bde09cbcf2248b73c7c323be49b280180ff39fadcfe04e7b6f54a678d02a7cf", size = 419272, upload-time = "2025-08-27T12:16:06.471Z" },
    { url = "https://files.pythonhosted.org/packages/6a/24/e3e72d265121e00b063aef3e3501e5b2473cf1b23511d56e529531acf01e/rpds_py-0.27.1-pp311-pypy311_pp73-musllinux_1_2_aarch64.whl", hash = "sha256:94c44ee01fd21c9058f124d2d4f0c9dc7634bec93cd4b38eefc385dabe71acbf", size = 560003, upload-time = "2025-08-27T12:16:08.06Z" },
    { url = "https://files.pythonhosted.org/packages/26/ca/f5a344c534214cc2d41118c0699fffbdc2c1bc7046f2a2b9609765ab9c92/rpds_py-0.27.1-pp311-pypy311_pp73-musllinux_1_2_i686.whl", hash = "sha256:df8b74962e35c9249425d90144e721eed198e6555a0e22a563d29fe4486b51f6", size = 590482, upload-time = "2025-08-27T12:16:10.137Z" },
    { url = "https://files.pythonhosted.org/packages/ce/08/4349bdd5c64d9d193c360aa9db89adeee6f6682ab8825dca0a3f535f434f/rpds_py-0.27.1-pp311-pypy311_pp73-musllinux_1_2_x86_64.whl", hash = "sha256:dc23e6820e3b40847e2f4a7726462ba0cf53089512abe9ee16318c366494c17a", size = 556523, upload-time = "2025-08-27T12:16:12.188Z" },
]

[[package]]
name = "ruff"
version = "0.12.11"
source = { registry = "https://pypi.org/simple" }
sdist = { url = "https://files.pythonhosted.org/packages/de/55/16ab6a7d88d93001e1ae4c34cbdcfb376652d761799459ff27c1dc20f6fa/ruff-0.12.11.tar.gz", hash = "sha256:c6b09ae8426a65bbee5425b9d0b82796dbb07cb1af045743c79bfb163001165d", size = 5347103, upload-time = "2025-08-28T13:59:08.87Z" }
wheels = [
    { url = "https://files.pythonhosted.org/packages/d6/a2/3b3573e474de39a7a475f3fbaf36a25600bfeb238e1a90392799163b64a0/ruff-0.12.11-py3-none-linux_armv6l.whl", hash = "sha256:93fce71e1cac3a8bf9200e63a38ac5c078f3b6baebffb74ba5274fb2ab276065", size = 11979885, upload-time = "2025-08-28T13:58:26.654Z" },
    { url = "https://files.pythonhosted.org/packages/76/e4/235ad6d1785a2012d3ded2350fd9bc5c5af8c6f56820e696b0118dfe7d24/ruff-0.12.11-py3-none-macosx_10_12_x86_64.whl", hash = "sha256:b8e33ac7b28c772440afa80cebb972ffd823621ded90404f29e5ab6d1e2d4b93", size = 12742364, upload-time = "2025-08-28T13:58:30.256Z" },
    { url = "https://files.pythonhosted.org/packages/2c/0d/15b72c5fe6b1e402a543aa9d8960e0a7e19dfb079f5b0b424db48b7febab/ruff-0.12.11-py3-none-macosx_11_0_arm64.whl", hash = "sha256:d69fb9d4937aa19adb2e9f058bc4fbfe986c2040acb1a4a9747734834eaa0bfd", size = 11920111, upload-time = "2025-08-28T13:58:33.677Z" },
    { url = "https://files.pythonhosted.org/packages/3e/c0/f66339d7893798ad3e17fa5a1e587d6fd9806f7c1c062b63f8b09dda6702/ruff-0.12.11-py3-none-manylinux_2_17_aarch64.manylinux2014_aarch64.whl", hash = "sha256:411954eca8464595077a93e580e2918d0a01a19317af0a72132283e28ae21bee", size = 12160060, upload-time = "2025-08-28T13:58:35.74Z" },
    { url = "https://files.pythonhosted.org/packages/03/69/9870368326db26f20c946205fb2d0008988aea552dbaec35fbacbb46efaa/ruff-0.12.11-py3-none-manylinux_2_17_armv7l.manylinux2014_armv7l.whl", hash = "sha256:6a2c0a2e1a450f387bf2c6237c727dd22191ae8c00e448e0672d624b2bbd7fb0", size = 11799848, upload-time = "2025-08-28T13:58:38.051Z" },
    { url = "https://files.pythonhosted.org/packages/25/8c/dd2c7f990e9b3a8a55eee09d4e675027d31727ce33cdb29eab32d025bdc9/ruff-0.12.11-py3-none-manylinux_2_17_i686.manylinux2014_i686.whl", hash = "sha256:8ca4c3a7f937725fd2413c0e884b5248a19369ab9bdd850b5781348ba283f644", size = 13536288, upload-time = "2025-08-28T13:58:40.046Z" },
    { url = "https://files.pythonhosted.org/packages/7a/30/d5496fa09aba59b5e01ea76775a4c8897b13055884f56f1c35a4194c2297/ruff-0.12.11-py3-none-manylinux_2_17_ppc64.manylinux2014_ppc64.whl", hash = "sha256:4d1df0098124006f6a66ecf3581a7f7e754c4df7644b2e6704cd7ca80ff95211", size = 14490633, upload-time = "2025-08-28T13:58:42.285Z" },
    { url = "https://files.pythonhosted.org/packages/9b/2f/81f998180ad53445d403c386549d6946d0748e536d58fce5b5e173511183/ruff-0.12.11-py3-none-manylinux_2_17_ppc64le.manylinux2014_ppc64le.whl", hash = "sha256:5a8dd5f230efc99a24ace3b77e3555d3fbc0343aeed3fc84c8d89e75ab2ff793", size = 13888430, upload-time = "2025-08-28T13:58:44.641Z" },
    { url = "https://files.pythonhosted.org/packages/87/71/23a0d1d5892a377478c61dbbcffe82a3476b050f38b5162171942a029ef3/ruff-0.12.11-py3-none-manylinux_2_17_s390x.manylinux2014_s390x.whl", hash = "sha256:4dc75533039d0ed04cd33fb8ca9ac9620b99672fe7ff1533b6402206901c34ee", size = 12913133, upload-time = "2025-08-28T13:58:47.039Z" },
    { url = "https://files.pythonhosted.org/packages/80/22/3c6cef96627f89b344c933781ed38329bfb87737aa438f15da95907cbfd5/ruff-0.12.11-py3-none-manylinux_2_17_x86_64.manylinux2014_x86_64.whl", hash = "sha256:4fc58f9266d62c6eccc75261a665f26b4ef64840887fc6cbc552ce5b29f96cc8", size = 13169082, upload-time = "2025-08-28T13:58:49.157Z" },
    { url = "https://files.pythonhosted.org/packages/05/b5/68b3ff96160d8b49e8dd10785ff3186be18fd650d356036a3770386e6c7f/ruff-0.12.11-py3-none-manylinux_2_31_riscv64.whl", hash = "sha256:5a0113bd6eafd545146440225fe60b4e9489f59eb5f5f107acd715ba5f0b3d2f", size = 13139490, upload-time = "2025-08-28T13:58:51.593Z" },
    { url = "https://files.pythonhosted.org/packages/59/b9/050a3278ecd558f74f7ee016fbdf10591d50119df8d5f5da45a22c6afafc/ruff-0.12.11-py3-none-musllinux_1_2_aarch64.whl", hash = "sha256:0d737b4059d66295c3ea5720e6efc152623bb83fde5444209b69cd33a53e2000", size = 11958928, upload-time = "2025-08-28T13:58:53.943Z" },
    { url = "https://files.pythonhosted.org/packages/f9/bc/93be37347db854806904a43b0493af8d6873472dfb4b4b8cbb27786eb651/ruff-0.12.11-py3-none-musllinux_1_2_armv7l.whl", hash = "sha256:916fc5defee32dbc1fc1650b576a8fed68f5e8256e2180d4d9855aea43d6aab2", size = 11764513, upload-time = "2025-08-28T13:58:55.976Z" },
    { url = "https://files.pythonhosted.org/packages/7a/a1/1471751e2015a81fd8e166cd311456c11df74c7e8769d4aabfbc7584c7ac/ruff-0.12.11-py3-none-musllinux_1_2_i686.whl", hash = "sha256:c984f07d7adb42d3ded5be894fb4007f30f82c87559438b4879fe7aa08c62b39", size = 12745154, upload-time = "2025-08-28T13:58:58.16Z" },
    { url = "https://files.pythonhosted.org/packages/68/ab/2542b14890d0f4872dd81b7b2a6aed3ac1786fae1ce9b17e11e6df9e31e3/ruff-0.12.11-py3-none-musllinux_1_2_x86_64.whl", hash = "sha256:e07fbb89f2e9249f219d88331c833860489b49cdf4b032b8e4432e9b13e8a4b9", size = 13227653, upload-time = "2025-08-28T13:59:00.276Z" },
    { url = "https://files.pythonhosted.org/packages/22/16/2fbfc61047dbfd009c58a28369a693a1484ad15441723be1cd7fe69bb679/ruff-0.12.11-py3-none-win32.whl", hash = "sha256:c792e8f597c9c756e9bcd4d87cf407a00b60af77078c96f7b6366ea2ce9ba9d3", size = 11944270, upload-time = "2025-08-28T13:59:02.347Z" },
    { url = "https://files.pythonhosted.org/packages/08/a5/34276984705bfe069cd383101c45077ee029c3fe3b28225bf67aa35f0647/ruff-0.12.11-py3-none-win_amd64.whl", hash = "sha256:a3283325960307915b6deb3576b96919ee89432ebd9c48771ca12ee8afe4a0fd", size = 13046600, upload-time = "2025-08-28T13:59:04.751Z" },
    { url = "https://files.pythonhosted.org/packages/84/a8/001d4a7c2b37623a3fd7463208267fb906df40ff31db496157549cfd6e72/ruff-0.12.11-py3-none-win_arm64.whl", hash = "sha256:bae4d6e6a2676f8fb0f98b74594a048bae1b944aab17e9f5d504062303c6dbea", size = 12135290, upload-time = "2025-08-28T13:59:06.933Z" },
]

[[package]]
name = "types-jsonschema"
version = "4.25.1.20250822"
source = { registry = "https://pypi.org/simple" }
dependencies = [
    { name = "referencing" },
]
sdist = { url = "https://files.pythonhosted.org/packages/64/7f/369b54dad6eb6b5adc1fb1c53edbed18e6c32cbc600357135308902fdbdc/types_jsonschema-4.25.1.20250822.tar.gz", hash = "sha256:aac69ed4b23f49aaceb7fcb834141d61b9e4e6a7f6008cb2f0d3b831dfa8464a", size = 15628, upload-time = "2025-08-22T03:04:18.293Z" }
wheels = [
    { url = "https://files.pythonhosted.org/packages/b1/3d/bc1d171f032fcf63cedd4ade241f3f4e66d7e3bb53ee1da3c8f2f043eb0b/types_jsonschema-4.25.1.20250822-py3-none-any.whl", hash = "sha256:f82c2d7fa1ce1c0b84ba1de4ed6798469768188884db04e66421913a4e181294", size = 15923, upload-time = "2025-08-22T03:04:17.346Z" },
]

[[package]]
name = "types-requests"
version = "2.32.4.20250913"
source = { registry = "https://pypi.org/simple" }
dependencies = [
    { name = "urllib3" },
]
sdist = { url = "https://files.pythonhosted.org/packages/36/27/489922f4505975b11de2b5ad07b4fe1dca0bca9be81a703f26c5f3acfce5/types_requests-2.32.4.20250913.tar.gz", hash = "sha256:abd6d4f9ce3a9383f269775a9835a4c24e5cd6b9f647d64f88aa4613c33def5d", size = 23113, upload-time = "2025-09-13T02:40:02.309Z" }
wheels = [
    { url = "https://files.pythonhosted.org/packages/2a/20/9a227ea57c1285986c4cf78400d0a91615d25b24e257fd9e2969606bdfae/types_requests-2.32.4.20250913-py3-none-any.whl", hash = "sha256:78c9c1fffebbe0fa487a418e0fa5252017e9c60d1a2da394077f1780f655d7e1", size = 20658, upload-time = "2025-09-13T02:40:01.115Z" },
]

[[package]]
name = "typing-extensions"
version = "4.15.0"
source = { registry = "https://pypi.org/simple" }
sdist = { url = "https://files.pythonhosted.org/packages/72/94/1a15dd82efb362ac84269196e94cf00f187f7ed21c242792a923cdb1c61f/typing_extensions-4.15.0.tar.gz", hash = "sha256:0cea48d173cc12fa28ecabc3b837ea3cf6f38c6d1136f85cbaaf598984861466", size = 109391, upload-time = "2025-08-25T13:49:26.313Z" }
wheels = [
    { url = "https://files.pythonhosted.org/packages/18/67/36e9267722cc04a6b9f15c7f3441c2363321a3ea07da7ae0c0707beb2a9c/typing_extensions-4.15.0-py3-none-any.whl", hash = "sha256:f0fa19c6845758ab08074a0cfa8b7aecb71c999ca73d62883bc25cc018c4e548", size = 44614, upload-time = "2025-08-25T13:49:24.86Z" },
]

[[package]]
name = "urllib3"
version = "2.5.0"
source = { registry = "https://pypi.org/simple" }
sdist = { url = "https://files.pythonhosted.org/packages/15/22/9ee70a2574a4f4599c47dd506532914ce044817c7752a79b6a51286319bc/urllib3-2.5.0.tar.gz", hash = "sha256:3fc47733c7e419d4bc3f6b3dc2b4f890bb743906a30d56ba4a5bfa4bbff92760", size = 393185, upload-time = "2025-06-18T14:07:41.644Z" }
wheels = [
    { url = "https://files.pythonhosted.org/packages/a7/c2/fe1e52489ae3122415c51f387e221dd0773709bad6c6cdaa599e8a2c5185/urllib3-2.5.0-py3-none-any.whl", hash = "sha256:e6b01673c0fa6a13e374b50871808eb3bf7046c4b125b216f6bf1cc604cff0dc", size = 129795, upload-time = "2025-06-18T14:07:40.39Z" },
]
